{
  "name": "cfws-miniflare",
  "lockfileVersion": 2,
  "requires": true,
  "packages": {
    "": {
      "dependencies": {
        "@cloudflare/kv-asset-handler": "^0.2.0"
      },
      "devDependencies": {
        "esbuild": "^0.14.5",
        "miniflare": "^2.0.0-rc.3"
      }
    },
    "node_modules/@cloudflare/kv-asset-handler": {
      "version": "0.2.0",
      "resolved": "https://registry.npmjs.org/@cloudflare/kv-asset-handler/-/kv-asset-handler-0.2.0.tgz",
      "integrity": "sha512-MVbXLbTcAotOPUj0pAMhVtJ+3/kFkwJqc5qNOleOZTv6QkZZABDMS21dSrSlVswEHwrpWC03e4fWytjqKvuE2A==",
      "dependencies": {
        "mime": "^3.0.0"
      }
    },
    "node_modules/@iarna/toml": {
      "version": "2.2.5",
      "resolved": "https://registry.npmjs.org/@iarna/toml/-/toml-2.2.5.tgz",
      "integrity": "sha512-trnsAYxU3xnS1gPHPyU961coFyLkh4gAD/0zQ5mymY4yOZ+CYvsPqUbOFSw0aDM4y0tV7tiFxL/1XfXPNC6IPg==",
      "dev": true
    },
    "node_modules/@miniflare/cache": {
      "version": "2.0.0-rc.3",
      "resolved": "https://registry.npmjs.org/@miniflare/cache/-/cache-2.0.0-rc.3.tgz",
      "integrity": "sha512-yvCcIIJRPU5OeU68392c0u0aRYdS/ZStZYrIkLTYQAXNLO2+Kfn/H+bHemnwHEJYAYlZ9kph4pcAeNUMmGb3qQ==",
      "dev": true,
      "dependencies": {
        "@miniflare/core": "2.0.0-rc.3",
        "@miniflare/shared": "2.0.0-rc.3",
        "http-cache-semantics": "^4.1.0",
        "undici": "^4.11.1"
      },
      "engines": {
        "node": ">=16.7"
      }
    },
    "node_modules/@miniflare/cli-parser": {
      "version": "2.0.0-rc.3",
      "resolved": "https://registry.npmjs.org/@miniflare/cli-parser/-/cli-parser-2.0.0-rc.3.tgz",
      "integrity": "sha512-/QI8JjKa9UnlQ+1R3qoYtBBM8md4qE3T8E7bwKY3QJluj129JZ83CvFNna33mvbrpFVE7TO5b/qgAUgwQf7e9g==",
      "dev": true,
      "dependencies": {
        "@miniflare/shared": "2.0.0-rc.3",
        "kleur": "^4.1.4"
      },
      "engines": {
        "node": ">=16.7"
      }
    },
    "node_modules/@miniflare/core": {
      "version": "2.0.0-rc.3",
      "resolved": "https://registry.npmjs.org/@miniflare/core/-/core-2.0.0-rc.3.tgz",
      "integrity": "sha512-ZZ4uuhhwjTtiAFRuRjHF85p5kYujovA+bof6s52h19eFv1I0IXzpzeE1/qYWXMTft2MF7iRda1GGHXmr2hAetQ==",
      "dev": true,
      "dependencies": {
        "@iarna/toml": "^2.2.5",
        "@miniflare/shared": "2.0.0-rc.3",
        "busboy": "^0.3.1",
        "dotenv": "^10.0.0",
        "kleur": "^4.1.4",
        "set-cookie-parser": "^2.4.8",
        "undici": "^4.11.1"
      },
      "engines": {
        "node": ">=16.7"
      },
      "peerDependencies": {
        "@miniflare/watcher": "2.0.0-rc.3"
      },
      "peerDependenciesMeta": {
        "@miniflare/watcher": {
          "optional": true
        }
      }
    },
    "node_modules/@miniflare/durable-objects": {
      "version": "2.0.0-rc.3",
      "resolved": "https://registry.npmjs.org/@miniflare/durable-objects/-/durable-objects-2.0.0-rc.3.tgz",
      "integrity": "sha512-EowozTC7SgeZcq00DMqRDsdU8TTkrQ9qH+2n+OJTH6NYdfjqqKXR6bOz5i0HdyRzFMucIDvZQhs8Bx/PseAa/g==",
      "dev": true,
      "dependencies": {
        "@miniflare/core": "2.0.0-rc.3",
        "@miniflare/shared": "2.0.0-rc.3",
        "@miniflare/storage-memory": "2.0.0-rc.3",
        "undici": "^4.11.1"
      },
      "engines": {
        "node": ">=16.7"
      }
    },
    "node_modules/@miniflare/html-rewriter": {
      "version": "2.0.0-rc.3",
      "resolved": "https://registry.npmjs.org/@miniflare/html-rewriter/-/html-rewriter-2.0.0-rc.3.tgz",
      "integrity": "sha512-BFIf+W2FjMgJnawmh+vu0wFvict9fUOTt4sFoJfaLwpCxFM0K4842ZItAE8rCEn7YL7HSRKijkTnb1IqFrwt0A==",
      "dev": true,
      "dependencies": {
        "@miniflare/core": "2.0.0-rc.3",
        "@miniflare/shared": "2.0.0-rc.3",
        "html-rewriter-wasm": "^0.3.2",
        "undici": "^4.11.1"
      },
      "engines": {
        "node": ">=16.7"
      }
    },
    "node_modules/@miniflare/http-server": {
      "version": "2.0.0-rc.3",
      "resolved": "https://registry.npmjs.org/@miniflare/http-server/-/http-server-2.0.0-rc.3.tgz",
      "integrity": "sha512-QMHB2QgC+LzR8dUaWiBr2dnp7DUcLeLOjvEXsZpsLx4ixkASAFAVdetIWJFj2FKKKiB9D6Jb8yOm7KOu6+RltQ==",
      "dev": true,
      "dependencies": {
        "@miniflare/core": "2.0.0-rc.3",
        "@miniflare/shared": "2.0.0-rc.3",
        "@miniflare/web-sockets": "2.0.0-rc.3",
        "kleur": "^4.1.4",
        "selfsigned": "^1.10.11",
        "undici": "^4.11.1",
        "ws": "^8.2.2",
        "youch": "^2.2.2"
      },
      "engines": {
        "node": ">=16.7"
      }
    },
    "node_modules/@miniflare/kv": {
      "version": "2.0.0-rc.3",
      "resolved": "https://registry.npmjs.org/@miniflare/kv/-/kv-2.0.0-rc.3.tgz",
      "integrity": "sha512-MUkmOFPtFtB3QDCRfKfpW+eMR0L3oDBAkmjOfrYb0yUs9Diqg4Ns6v+q2gZfnXyzyU/VCFZdwUrHO44NCS8mMg==",
      "dev": true,
      "dependencies": {
        "@miniflare/shared": "2.0.0-rc.3"
      },
      "engines": {
        "node": ">=16.7"
      }
    },
    "node_modules/@miniflare/runner-vm": {
      "version": "2.0.0-rc.3",
      "resolved": "https://registry.npmjs.org/@miniflare/runner-vm/-/runner-vm-2.0.0-rc.3.tgz",
      "integrity": "sha512-o7G/a/3kAODAsMswBZDPdUL2j33kGcP79rIMpDpwKI42Vqx0lFFsNfc6V/8/lnfmHucVw772h5/jrESTfrhVuQ==",
      "dev": true,
      "dependencies": {
        "@miniflare/shared": "2.0.0-rc.3"
      },
      "engines": {
        "node": ">=16.7"
      }
    },
    "node_modules/@miniflare/scheduler": {
      "version": "2.0.0-rc.3",
      "resolved": "https://registry.npmjs.org/@miniflare/scheduler/-/scheduler-2.0.0-rc.3.tgz",
      "integrity": "sha512-I1wpKK+uEh335/cUzSbsK9nIjOXxhcyzipNAF1VO2fa6ofW8Fq9EYo2qjWYEuHbLmfEtef6frPGOzSUm73cp8Q==",
      "dev": true,
      "dependencies": {
        "@miniflare/core": "2.0.0-rc.3",
        "@miniflare/shared": "2.0.0-rc.3",
        "cron-schedule": "^3.0.4"
      },
      "engines": {
        "node": ">=16.7"
      }
    },
    "node_modules/@miniflare/shared": {
      "version": "2.0.0-rc.3",
      "resolved": "https://registry.npmjs.org/@miniflare/shared/-/shared-2.0.0-rc.3.tgz",
      "integrity": "sha512-pKpErhoGhWhhce+oDiOnoA/N85WZm5Tjc3i9qowmlw3V9SlhM7tw6FRUam5n6aKbO3/yIn4azD/Wc5v6Xh25pg==",
      "dev": true,
      "dependencies": {
        "ignore": "^5.1.8",
        "kleur": "^4.1.4"
      },
      "engines": {
        "node": ">=16.7"
      }
    },
    "node_modules/@miniflare/sites": {
      "version": "2.0.0-rc.3",
      "resolved": "https://registry.npmjs.org/@miniflare/sites/-/sites-2.0.0-rc.3.tgz",
      "integrity": "sha512-n8T0NilCizz2CoWlOVs56zBuU6R14J8qPHK6lSPms7FUHrMSm1p2OSRcMfEnSvz7Y3Rj+6c5pQAaD9qZwtrviQ==",
      "dev": true,
      "dependencies": {
        "@miniflare/kv": "2.0.0-rc.3",
        "@miniflare/shared": "2.0.0-rc.3",
        "@miniflare/storage-file": "2.0.0-rc.3"
      },
      "engines": {
        "node": ">=16.7"
      }
    },
    "node_modules/@miniflare/storage-file": {
      "version": "2.0.0-rc.3",
      "resolved": "https://registry.npmjs.org/@miniflare/storage-file/-/storage-file-2.0.0-rc.3.tgz",
      "integrity": "sha512-CHXyl3E/BrevVAamMCcxLKJPxelLvzfA6i/EI0b1waUPBKG8H/yIZGpK9CRKT9YHCn/WdZg5OtLdRTJ0n6ocRg==",
      "dev": true,
      "dependencies": {
        "@miniflare/shared": "2.0.0-rc.3",
        "@miniflare/storage-memory": "2.0.0-rc.3"
      },
      "engines": {
        "node": ">=16.7"
      }
    },
    "node_modules/@miniflare/storage-memory": {
      "version": "2.0.0-rc.3",
      "resolved": "https://registry.npmjs.org/@miniflare/storage-memory/-/storage-memory-2.0.0-rc.3.tgz",
      "integrity": "sha512-TWroGaNRGqfnvx+efrWlDJpuDld+NIWj2Le77SYX7QHjzvFRhdyqsp3soZGFRZzx3aajZaWkHS6ZKDSFlaZs3A==",
      "dev": true,
      "dependencies": {
        "@miniflare/shared": "2.0.0-rc.3"
      },
      "engines": {
        "node": ">=16.7"
      }
    },
    "node_modules/@miniflare/watcher": {
      "version": "2.0.0-rc.3",
      "resolved": "https://registry.npmjs.org/@miniflare/watcher/-/watcher-2.0.0-rc.3.tgz",
      "integrity": "sha512-i/UIOvKBTYfRCtlmSwurICg1elKbm4OyTrzgqAZJbwCtsvWZh4hPflQ6FnuL3IcebhHXkcDbdXSxZI2ReP8a2w==",
      "dev": true,
      "dependencies": {
        "@miniflare/shared": "2.0.0-rc.3"
      },
      "engines": {
        "node": ">=16.7"
      }
    },
    "node_modules/@miniflare/web-sockets": {
      "version": "2.0.0-rc.3",
      "resolved": "https://registry.npmjs.org/@miniflare/web-sockets/-/web-sockets-2.0.0-rc.3.tgz",
      "integrity": "sha512-nqGFzKkyUMwPAss2od+tXgMKYSmJ/+I+Zm5pCIjwmukHIf4zxEAE3iMvEbOQ9Xgz9Kc3smhRiMzOwTf2+8VRSg==",
      "dev": true,
      "dependencies": {
        "@miniflare/core": "2.0.0-rc.3",
        "@miniflare/shared": "2.0.0-rc.3",
        "undici": "^4.11.1",
        "ws": "^8.2.2"
      },
      "engines": {
        "node": ">=16.7"
      }
    },
    "node_modules/@types/stack-trace": {
      "version": "0.0.29",
      "resolved": "https://registry.npmjs.org/@types/stack-trace/-/stack-trace-0.0.29.tgz",
      "integrity": "sha512-TgfOX+mGY/NyNxJLIbDWrO9DjGoVSW9+aB8H2yy1fy32jsvxijhmyJI9fDFgvz3YP4lvJaq9DzdR/M1bOgVc9g==",
      "dev": true
    },
    "node_modules/buffer-from": {
      "version": "1.1.2",
      "resolved": "https://registry.npmjs.org/buffer-from/-/buffer-from-1.1.2.tgz",
      "integrity": "sha512-E+XQCRwSbaaiChtv6k6Dwgc+bx+Bs6vuKJHHl5kox/BaKbhiXzqQOwK4cO22yElGp2OCmjwVhT3HmxgyPGnJfQ==",
      "dev": true
    },
    "node_modules/busboy": {
      "version": "0.3.1",
      "resolved": "https://registry.npmjs.org/busboy/-/busboy-0.3.1.tgz",
      "integrity": "sha512-y7tTxhGKXcyBxRKAni+awqx8uqaJKrSFSNFSeRG5CsWNdmy2BIK+6VGWEW7TZnIO/533mtMEA4rOevQV815YJw==",
      "dev": true,
      "dependencies": {
        "dicer": "0.3.0"
      },
      "engines": {
        "node": ">=4.5.0"
      }
    },
    "node_modules/cookie": {
      "version": "0.4.1",
      "resolved": "https://registry.npmjs.org/cookie/-/cookie-0.4.1.tgz",
      "integrity": "sha512-ZwrFkGJxUR3EIoXtO+yVE69Eb7KlixbaeAWfBQB9vVsNn/o+Yw69gBWSSDK825hQNdN+wF8zELf3dFNl/kxkUA==",
      "dev": true,
      "engines": {
        "node": ">= 0.6"
      }
    },
    "node_modules/cron-schedule": {
      "version": "3.0.4",
      "resolved": "https://registry.npmjs.org/cron-schedule/-/cron-schedule-3.0.4.tgz",
      "integrity": "sha512-wEspID2dNPfWyh7t2ZvE4Izunzk20QacZg8oZcqfTrN1j5kImj0CEYT3ZGZo+KqGQUgRc9tKlEJmY4uFVt4ccA==",
      "dev": true
    },
    "node_modules/dicer": {
      "version": "0.3.0",
      "resolved": "https://registry.npmjs.org/dicer/-/dicer-0.3.0.tgz",
      "integrity": "sha512-MdceRRWqltEG2dZqO769g27N/3PXfcKl04VhYnBlo2YhH7zPi88VebsjTKclaOyiuMaGU72hTfw3VkUitGcVCA==",
      "dev": true,
      "dependencies": {
        "streamsearch": "0.1.2"
      },
      "engines": {
        "node": ">=4.5.0"
      }
    },
    "node_modules/dotenv": {
      "version": "10.0.0",
      "resolved": "https://registry.npmjs.org/dotenv/-/dotenv-10.0.0.tgz",
      "integrity": "sha512-rlBi9d8jpv9Sf1klPjNfFAuWDjKLwTIJJ/VxtoTwIR6hnZxcEOQCZg2oIL3MWBYw5GpUDKOEnND7LXTbIpQ03Q==",
      "dev": true,
      "engines": {
        "node": ">=10"
      }
    },
    "node_modules/esbuild": {
      "version": "0.14.5",
      "resolved": "https://registry.npmjs.org/esbuild/-/esbuild-0.14.5.tgz",
      "integrity": "sha512-ofwgH4ITPXhkMo2AM39oXpSe5KIyWjxicdqYVy+tLa1lMgxzPCKwaepcrSRtYbgTUMXwquxB1C3xQYpUNaPAFA==",
      "dev": true,
      "hasInstallScript": true,
      "bin": {
        "esbuild": "bin/esbuild"
      },
      "optionalDependencies": {
        "esbuild-android-arm64": "0.14.5",
        "esbuild-darwin-64": "0.14.5",
        "esbuild-darwin-arm64": "0.14.5",
        "esbuild-freebsd-64": "0.14.5",
        "esbuild-freebsd-arm64": "0.14.5",
        "esbuild-linux-32": "0.14.5",
        "esbuild-linux-64": "0.14.5",
        "esbuild-linux-arm": "0.14.5",
        "esbuild-linux-arm64": "0.14.5",
        "esbuild-linux-mips64le": "0.14.5",
        "esbuild-linux-ppc64le": "0.14.5",
        "esbuild-netbsd-64": "0.14.5",
        "esbuild-openbsd-64": "0.14.5",
        "esbuild-sunos-64": "0.14.5",
        "esbuild-windows-32": "0.14.5",
        "esbuild-windows-64": "0.14.5",
        "esbuild-windows-arm64": "0.14.5"
      }
    },
    "node_modules/esbuild-android-arm64": {
      "version": "0.14.5",
      "resolved": "https://registry.npmjs.org/esbuild-android-arm64/-/esbuild-android-arm64-0.14.5.tgz",
      "integrity": "sha512-Sl6ysm7OAZZz+X3Mv3tOPhjMuSxNmztgoXH4ZZ3Yhbje5emEY6qiTnv3vBSljDlUl/yGaIjqC44qlj8s8G71xA==",
      "cpu": [
        "arm64"
      ],
      "dev": true,
      "optional": true,
      "os": [
        "android"
      ]
    },
    "node_modules/esbuild-darwin-64": {
      "version": "0.14.5",
      "resolved": "https://registry.npmjs.org/esbuild-darwin-64/-/esbuild-darwin-64-0.14.5.tgz",
      "integrity": "sha512-VHZl23sM9BOZXcLxk1vTYls8TCAY+/3llw9vHKIWAHDHzBBOlVv26ORK8gnStNMqTjCSGSMoq4T5jOZf2WrJPQ==",
      "cpu": [
        "x64"
      ],
      "dev": true,
      "optional": true,
      "os": [
        "darwin"
      ]
    },
    "node_modules/esbuild-darwin-arm64": {
      "version": "0.14.5",
      "resolved": "https://registry.npmjs.org/esbuild-darwin-arm64/-/esbuild-darwin-arm64-0.14.5.tgz",
      "integrity": "sha512-ugPOLgEQPoPLSqAFBajaczt+lcbUZR+V2fby3572h5jf/kFV6UL8LAZ1Ze58hcbKwfvbh4C09kp0PhqPgXKwOg==",
      "cpu": [
        "arm64"
      ],
      "dev": true,
      "optional": true,
      "os": [
        "darwin"
      ]
    },
    "node_modules/esbuild-freebsd-64": {
      "version": "0.14.5",
      "resolved": "https://registry.npmjs.org/esbuild-freebsd-64/-/esbuild-freebsd-64-0.14.5.tgz",
      "integrity": "sha512-uP0yOixSHF505o/Kzq9e4bvZblCZp9GGx+a7enLOVSuvIvLmtj2yhZLRPGfbVNkPJXktTKNRAnNGkXHl53M6sw==",
      "cpu": [
        "x64"
      ],
      "dev": true,
      "optional": true,
      "os": [
        "freebsd"
      ]
    },
    "node_modules/esbuild-freebsd-arm64": {
      "version": "0.14.5",
      "resolved": "https://registry.npmjs.org/esbuild-freebsd-arm64/-/esbuild-freebsd-arm64-0.14.5.tgz",
      "integrity": "sha512-M99NPu8hlirFo6Fgx0WfX6XxUFdGclUNv3MyyfDtTdNYbccMESwLSACGpE7HvJKWscdjaqajeMu2an9adGNfCw==",
      "cpu": [
        "arm64"
      ],
      "dev": true,
      "optional": true,
      "os": [
        "freebsd"
      ]
    },
    "node_modules/esbuild-linux-32": {
      "version": "0.14.5",
      "resolved": "https://registry.npmjs.org/esbuild-linux-32/-/esbuild-linux-32-0.14.5.tgz",
      "integrity": "sha512-hfqln4yb/jf/vPvI/A6aCvpIzqF3PdDmrKiikTohEUuRtvEZz234krtNwEAw5ssCue4NX8BJqrMpCTAHOl3LQw==",
      "cpu": [
        "ia32"
      ],
      "dev": true,
      "optional": true,
      "os": [
        "linux"
      ]
    },
    "node_modules/esbuild-linux-64": {
      "version": "0.14.5",
      "resolved": "https://registry.npmjs.org/esbuild-linux-64/-/esbuild-linux-64-0.14.5.tgz",
      "integrity": "sha512-T+OuYPlhytjj5DsvjUXizNjbV+/IrZiaDc9SNUfqiUOXHu0URFqchjhPVbBiBnWykCMJFB6pqNap2Oxth4iuYw==",
      "cpu": [
        "x64"
      ],
      "dev": true,
      "optional": true,
      "os": [
        "linux"
      ]
    },
    "node_modules/esbuild-linux-arm": {
      "version": "0.14.5",
      "resolved": "https://registry.npmjs.org/esbuild-linux-arm/-/esbuild-linux-arm-0.14.5.tgz",
      "integrity": "sha512-5b10jKJ3lU4BUchOw9TgRResu8UZJf8qVjAzV5muHedonCfBzClGTT4KCNuOcLTJomH3wz6gNVJt1AxMglXnJg==",
      "cpu": [
        "arm"
      ],
      "dev": true,
      "optional": true,
      "os": [
        "linux"
      ]
    },
    "node_modules/esbuild-linux-arm64": {
      "version": "0.14.5",
      "resolved": "https://registry.npmjs.org/esbuild-linux-arm64/-/esbuild-linux-arm64-0.14.5.tgz",
      "integrity": "sha512-ANOzoaH4kfbhEZT0EGY9g1tsZhDA+I0FRwBsj7D8pCU900pXF/l8YAOy5jWFQIb3vjG5+orFc5SqSzAKCisvTQ==",
      "cpu": [
        "arm64"
      ],
      "dev": true,
      "optional": true,
      "os": [
        "linux"
      ]
    },
    "node_modules/esbuild-linux-mips64le": {
      "version": "0.14.5",
      "resolved": "https://registry.npmjs.org/esbuild-linux-mips64le/-/esbuild-linux-mips64le-0.14.5.tgz",
      "integrity": "sha512-sSmGfOUNNB2Nd3tzp1RHSxiJmM5/RUIEP5aAtH+PpOP7FPp15Jcfwq7UNBJ82KLN3SJcwhUeEfcCaUFBzbTKxg==",
      "cpu": [
        "mips64el"
      ],
      "dev": true,
      "optional": true,
      "os": [
        "linux"
      ]
    },
    "node_modules/esbuild-linux-ppc64le": {
      "version": "0.14.5",
      "resolved": "https://registry.npmjs.org/esbuild-linux-ppc64le/-/esbuild-linux-ppc64le-0.14.5.tgz",
      "integrity": "sha512-usfQrVVIQcpuc/U2NWc7/Ry+m622v+PjJ5eErNPdjWBPlcvD6kXaBTv94uQkVzZOHX3uYqprRrOjseed9ApSYA==",
      "cpu": [
        "ppc64"
      ],
      "dev": true,
      "optional": true,
      "os": [
        "linux"
      ]
    },
    "node_modules/esbuild-netbsd-64": {
      "version": "0.14.5",
      "resolved": "https://registry.npmjs.org/esbuild-netbsd-64/-/esbuild-netbsd-64-0.14.5.tgz",
      "integrity": "sha512-Q5KpvPZcPnNEaTjrvuWqvEnlhI2jyi1wWwYunlEUAhx60spQOTy10sdYOA+s1M+LPb6kwvasrZZDmYyQlcVZeA==",
      "cpu": [
        "x64"
      ],
      "dev": true,
      "optional": true,
      "os": [
        "netbsd"
      ]
    },
    "node_modules/esbuild-openbsd-64": {
      "version": "0.14.5",
      "resolved": "https://registry.npmjs.org/esbuild-openbsd-64/-/esbuild-openbsd-64-0.14.5.tgz",
      "integrity": "sha512-RZzRUu1RYKextJgXkHhAsuhLDvm73YP/wogpUG9MaAGvKTxnKAKRuaw2zJfnbz8iBqBQB2no2PmpVBNbqUTQrw==",
      "cpu": [
        "x64"
      ],
      "dev": true,
      "optional": true,
      "os": [
        "openbsd"
      ]
    },
    "node_modules/esbuild-sunos-64": {
      "version": "0.14.5",
      "resolved": "https://registry.npmjs.org/esbuild-sunos-64/-/esbuild-sunos-64-0.14.5.tgz",
      "integrity": "sha512-J2ffKsBBWscQlye+/giEgKsQCppwHHFqqt/sh+ojVF+DZy1ve6RpPGwXGcGF6IaZTAI9+Vk4eHleiQxb+PC9Yw==",
      "cpu": [
        "x64"
      ],
      "dev": true,
      "optional": true,
      "os": [
        "sunos"
      ]
    },
    "node_modules/esbuild-windows-32": {
      "version": "0.14.5",
      "resolved": "https://registry.npmjs.org/esbuild-windows-32/-/esbuild-windows-32-0.14.5.tgz",
      "integrity": "sha512-OTZvuAc1JBnwmeT+hR1+Vmgz6LOD7DggpnwtKMAExruSLxUMl02Z3pyalJ7zKh3gJ/KBRM1JQZLSk4/mFWijeQ==",
      "cpu": [
        "ia32"
      ],
      "dev": true,
      "optional": true,
      "os": [
        "win32"
      ]
    },
    "node_modules/esbuild-windows-64": {
      "version": "0.14.5",
      "resolved": "https://registry.npmjs.org/esbuild-windows-64/-/esbuild-windows-64-0.14.5.tgz",
      "integrity": "sha512-ZM9rlBDsPEeMVJ1wcpNMXUad9VzYOFeOBUXBi+16HZTvFPy2DkcC2ZWcrByP3IESToD5lvHdjSX/w8rxphjqig==",
      "cpu": [
        "x64"
      ],
      "dev": true,
      "optional": true,
      "os": [
        "win32"
      ]
    },
    "node_modules/esbuild-windows-arm64": {
      "version": "0.14.5",
      "resolved": "https://registry.npmjs.org/esbuild-windows-arm64/-/esbuild-windows-arm64-0.14.5.tgz",
      "integrity": "sha512-iK41mKG2LG0AKHE+9g/jDYU5ZQpJObt1uIPSGTiiiJKI5qbHdEck6Gaqq2tmBI933F2zB9yqZIX7IAdxwN/q4A==",
      "cpu": [
        "arm64"
      ],
      "dev": true,
      "optional": true,
      "os": [
        "win32"
      ]
    },
    "node_modules/html-rewriter-wasm": {
      "version": "0.3.2",
      "resolved": "https://registry.npmjs.org/html-rewriter-wasm/-/html-rewriter-wasm-0.3.2.tgz",
      "integrity": "sha512-b+pOh+bs00uRVNIZoTgGBREjUKN47pchTNwkxKuP4ecQTFcOA6KJIW+jjvjjXrkSRURZsideLxFKqX7hnxdegQ==",
      "dev": true
    },
    "node_modules/http-cache-semantics": {
      "version": "4.1.0",
      "resolved": "https://registry.npmjs.org/http-cache-semantics/-/http-cache-semantics-4.1.0.tgz",
      "integrity": "sha512-carPklcUh7ROWRK7Cv27RPtdhYhUsela/ue5/jKzjegVvXDqM2ILE9Q2BGn9JZJh1g87cp56su/FgQSzcWS8cQ==",
      "dev": true
    },
    "node_modules/ignore": {
      "version": "5.1.9",
      "resolved": "https://registry.npmjs.org/ignore/-/ignore-5.1.9.tgz",
      "integrity": "sha512-2zeMQpbKz5dhZ9IwL0gbxSW5w0NK/MSAMtNuhgIHEPmaU3vPdKPL0UdvUCXs5SS4JAwsBxysK5sFMW8ocFiVjQ==",
      "dev": true,
      "engines": {
        "node": ">= 4"
      }
    },
    "node_modules/kleur": {
      "version": "4.1.4",
      "resolved": "https://registry.npmjs.org/kleur/-/kleur-4.1.4.tgz",
      "integrity": "sha512-8QADVssbrFjivHWQU7KkMgptGTl6WAcSdlbBPY4uNF+mWr6DGcKrvY2w4FQJoXch7+fKMjj0dRrL75vk3k23OA==",
      "dev": true,
      "engines": {
        "node": ">=6"
      }
    },
    "node_modules/mime": {
      "version": "3.0.0",
      "resolved": "https://registry.npmjs.org/mime/-/mime-3.0.0.tgz",
      "integrity": "sha512-jSCU7/VB1loIWBZe14aEYHU/+1UMEHoaO7qxCOVJOw9GgH72VAWppxNcjU+x9a2k3GSIBXNKxXQFqRvvZ7vr3A==",
      "bin": {
        "mime": "cli.js"
      },
      "engines": {
        "node": ">=10.0.0"
      }
    },
    "node_modules/miniflare": {
      "version": "2.0.0-rc.3",
      "resolved": "https://registry.npmjs.org/miniflare/-/miniflare-2.0.0-rc.3.tgz",
      "integrity": "sha512-XpcbNLs5zfosfIJWrtk0L4WYmyJCRZgi2r6pRR9zhBFTRNChHNP0grmcMH0FK9ROH6c/9Pj2MjqqZ9wqHQbaGA==",
      "dev": true,
      "dependencies": {
        "@miniflare/cache": "2.0.0-rc.3",
        "@miniflare/cli-parser": "2.0.0-rc.3",
        "@miniflare/core": "2.0.0-rc.3",
        "@miniflare/durable-objects": "2.0.0-rc.3",
        "@miniflare/html-rewriter": "2.0.0-rc.3",
        "@miniflare/http-server": "2.0.0-rc.3",
        "@miniflare/kv": "2.0.0-rc.3",
        "@miniflare/runner-vm": "2.0.0-rc.3",
        "@miniflare/scheduler": "2.0.0-rc.3",
        "@miniflare/shared": "2.0.0-rc.3",
        "@miniflare/sites": "2.0.0-rc.3",
        "@miniflare/storage-file": "2.0.0-rc.3",
        "@miniflare/storage-memory": "2.0.0-rc.3",
        "@miniflare/watcher": "2.0.0-rc.3",
        "@miniflare/web-sockets": "2.0.0-rc.3",
        "kleur": "^4.1.4",
        "semiver": "^1.1.0",
        "source-map-support": "^0.5.20",
        "undici": "^4.11.1"
      },
      "bin": {
        "miniflare": "bootstrap.js"
      },
      "engines": {
        "node": ">=16.7"
      },
      "peerDependencies": {
        "@miniflare/storage-redis": "2.0.0-rc.3",
        "cron-schedule": "^3.0.4",
        "ioredis": "^4.27.9"
      },
      "peerDependenciesMeta": {
        "@miniflare/storage-redis": {
          "optional": true
        },
        "ioredis": {
          "optional": true
        }
      }
    },
    "node_modules/mustache": {
      "version": "4.2.0",
      "resolved": "https://registry.npmjs.org/mustache/-/mustache-4.2.0.tgz",
      "integrity": "sha512-71ippSywq5Yb7/tVYyGbkBggbU8H3u5Rz56fH60jGFgr8uHwxs+aSKeqmluIVzM0m0kB7xQjKS6qPfd0b2ZoqQ==",
      "dev": true,
      "bin": {
        "mustache": "bin/mustache"
      }
    },
    "node_modules/node-forge": {
      "version": "0.10.0",
      "resolved": "https://registry.npmjs.org/node-forge/-/node-forge-0.10.0.tgz",
      "integrity": "sha512-PPmu8eEeG9saEUvI97fm4OYxXVB6bFvyNTyiUOBichBpFG8A1Ljw3bY62+5oOjDEMHRnd0Y7HQ+x7uzxOzC6JA==",
      "dev": true,
      "engines": {
        "node": ">= 6.0.0"
      }
    },
    "node_modules/selfsigned": {
      "version": "1.10.11",
      "resolved": "https://registry.npmjs.org/selfsigned/-/selfsigned-1.10.11.tgz",
      "integrity": "sha512-aVmbPOfViZqOZPgRBT0+3u4yZFHpmnIghLMlAcb5/xhp5ZtB/RVnKhz5vl2M32CLXAqR4kha9zfhNg0Lf/sxKA==",
      "dev": true,
      "dependencies": {
        "node-forge": "^0.10.0"
      }
    },
    "node_modules/semiver": {
      "version": "1.1.0",
      "resolved": "https://registry.npmjs.org/semiver/-/semiver-1.1.0.tgz",
      "integrity": "sha512-QNI2ChmuioGC1/xjyYwyZYADILWyW6AmS1UH6gDj/SFUUUS4MBAWs/7mxnkRPc/F4iHezDP+O8t0dO8WHiEOdg==",
      "dev": true,
      "engines": {
        "node": ">=6"
      }
    },
    "node_modules/set-cookie-parser": {
      "version": "2.4.8",
      "resolved": "https://registry.npmjs.org/set-cookie-parser/-/set-cookie-parser-2.4.8.tgz",
      "integrity": "sha512-edRH8mBKEWNVIVMKejNnuJxleqYE/ZSdcT8/Nem9/mmosx12pctd80s2Oy00KNZzrogMZS5mauK2/ymL1bvlvg==",
      "dev": true
    },
    "node_modules/source-map": {
      "version": "0.6.1",
      "resolved": "https://registry.npmjs.org/source-map/-/source-map-0.6.1.tgz",
      "integrity": "sha512-UjgapumWlbMhkBgzT7Ykc5YXUT46F0iKu8SGXq0bcwP5dz/h0Plj6enJqjz1Zbq2l5WaqYnrVbwWOWMyF3F47g==",
      "dev": true,
      "engines": {
        "node": ">=0.10.0"
      }
    },
    "node_modules/source-map-support": {
      "version": "0.5.21",
      "resolved": "https://registry.npmjs.org/source-map-support/-/source-map-support-0.5.21.tgz",
      "integrity": "sha512-uBHU3L3czsIyYXKX88fdrGovxdSCoTGDRZ6SYXtSRxLZUzHg5P/66Ht6uoUlHu9EZod+inXhKo3qQgwXUT/y1w==",
      "dev": true,
      "dependencies": {
        "buffer-from": "^1.0.0",
        "source-map": "^0.6.0"
      }
    },
    "node_modules/stack-trace": {
      "version": "0.0.10",
      "resolved": "https://registry.npmjs.org/stack-trace/-/stack-trace-0.0.10.tgz",
      "integrity": "sha1-VHxws0fo0ytOEI6hoqFZ5f3eGcA=",
      "dev": true,
      "engines": {
        "node": "*"
      }
    },
    "node_modules/streamsearch": {
      "version": "0.1.2",
      "resolved": "https://registry.npmjs.org/streamsearch/-/streamsearch-0.1.2.tgz",
      "integrity": "sha1-gIudDlb8Jz2Am6VzOOkpkZoanxo=",
      "dev": true,
      "engines": {
        "node": ">=0.8.0"
      }
    },
    "node_modules/undici": {
      "version": "4.12.0",
      "resolved": "https://registry.npmjs.org/undici/-/undici-4.12.0.tgz",
      "integrity": "sha512-sJ4CyO3ZPaoxWpLQTJpH/gWD+tCIra2OJ9UPvrX1siyJkgh8NOAybRejJ/g2xHyOdAuoSE0lPRJwRl8AZSXYJQ==",
      "dev": true,
      "engines": {
        "node": ">=12.18"
      }
    },
    "node_modules/ws": {
      "version": "8.3.0",
      "resolved": "https://registry.npmjs.org/ws/-/ws-8.3.0.tgz",
      "integrity": "sha512-Gs5EZtpqZzLvmIM59w4igITU57lrtYVFneaa434VROv4thzJyV6UjIL3D42lslWlI+D4KzLYnxSwtfuiO79sNw==",
      "dev": true,
      "engines": {
        "node": ">=10.0.0"
      },
      "peerDependencies": {
        "bufferutil": "^4.0.1",
        "utf-8-validate": "^5.0.2"
      },
      "peerDependenciesMeta": {
        "bufferutil": {
          "optional": true
        },
        "utf-8-validate": {
          "optional": true
        }
      }
    },
    "node_modules/youch": {
      "version": "2.2.2",
      "resolved": "https://registry.npmjs.org/youch/-/youch-2.2.2.tgz",
      "integrity": "sha512-/FaCeG3GkuJwaMR34GHVg0l8jCbafZLHiFowSjqLlqhC6OMyf2tPJBu8UirF7/NI9X/R5ai4QfEKUCOxMAGxZQ==",
      "dev": true,
      "dependencies": {
        "@types/stack-trace": "0.0.29",
        "cookie": "^0.4.1",
        "mustache": "^4.2.0",
        "stack-trace": "0.0.10"
      }
    }
  },
  "dependencies": {
    "@cloudflare/kv-asset-handler": {
      "version": "0.2.0",
      "resolved": "https://registry.npmjs.org/@cloudflare/kv-asset-handler/-/kv-asset-handler-0.2.0.tgz",
      "integrity": "sha512-MVbXLbTcAotOPUj0pAMhVtJ+3/kFkwJqc5qNOleOZTv6QkZZABDMS21dSrSlVswEHwrpWC03e4fWytjqKvuE2A==",
      "requires": {
        "mime": "^3.0.0"
      }
    },
    "@iarna/toml": {
      "version": "2.2.5",
      "resolved": "https://registry.npmjs.org/@iarna/toml/-/toml-2.2.5.tgz",
      "integrity": "sha512-trnsAYxU3xnS1gPHPyU961coFyLkh4gAD/0zQ5mymY4yOZ+CYvsPqUbOFSw0aDM4y0tV7tiFxL/1XfXPNC6IPg==",
      "dev": true
    },
    "@miniflare/cache": {
      "version": "2.0.0-rc.3",
      "resolved": "https://registry.npmjs.org/@miniflare/cache/-/cache-2.0.0-rc.3.tgz",
      "integrity": "sha512-yvCcIIJRPU5OeU68392c0u0aRYdS/ZStZYrIkLTYQAXNLO2+Kfn/H+bHemnwHEJYAYlZ9kph4pcAeNUMmGb3qQ==",
      "dev": true,
      "requires": {
        "@miniflare/core": "2.0.0-rc.3",
        "@miniflare/shared": "2.0.0-rc.3",
        "http-cache-semantics": "^4.1.0",
        "undici": "^4.11.1"
      }
    },
    "@miniflare/cli-parser": {
      "version": "2.0.0-rc.3",
      "resolved": "https://registry.npmjs.org/@miniflare/cli-parser/-/cli-parser-2.0.0-rc.3.tgz",
      "integrity": "sha512-/QI8JjKa9UnlQ+1R3qoYtBBM8md4qE3T8E7bwKY3QJluj129JZ83CvFNna33mvbrpFVE7TO5b/qgAUgwQf7e9g==",
      "dev": true,
      "requires": {
        "@miniflare/shared": "2.0.0-rc.3",
        "kleur": "^4.1.4"
      }
    },
    "@miniflare/core": {
      "version": "2.0.0-rc.3",
      "resolved": "https://registry.npmjs.org/@miniflare/core/-/core-2.0.0-rc.3.tgz",
      "integrity": "sha512-ZZ4uuhhwjTtiAFRuRjHF85p5kYujovA+bof6s52h19eFv1I0IXzpzeE1/qYWXMTft2MF7iRda1GGHXmr2hAetQ==",
      "dev": true,
      "requires": {
        "@iarna/toml": "^2.2.5",
        "@miniflare/shared": "2.0.0-rc.3",
        "busboy": "^0.3.1",
        "dotenv": "^10.0.0",
        "kleur": "^4.1.4",
        "set-cookie-parser": "^2.4.8",
        "undici": "^4.11.1"
      }
    },
    "@miniflare/durable-objects": {
      "version": "2.0.0-rc.3",
      "resolved": "https://registry.npmjs.org/@miniflare/durable-objects/-/durable-objects-2.0.0-rc.3.tgz",
      "integrity": "sha512-EowozTC7SgeZcq00DMqRDsdU8TTkrQ9qH+2n+OJTH6NYdfjqqKXR6bOz5i0HdyRzFMucIDvZQhs8Bx/PseAa/g==",
      "dev": true,
      "requires": {
        "@miniflare/core": "2.0.0-rc.3",
        "@miniflare/shared": "2.0.0-rc.3",
        "@miniflare/storage-memory": "2.0.0-rc.3",
        "undici": "^4.11.1"
      }
    },
    "@miniflare/html-rewriter": {
      "version": "2.0.0-rc.3",
      "resolved": "https://registry.npmjs.org/@miniflare/html-rewriter/-/html-rewriter-2.0.0-rc.3.tgz",
      "integrity": "sha512-BFIf+W2FjMgJnawmh+vu0wFvict9fUOTt4sFoJfaLwpCxFM0K4842ZItAE8rCEn7YL7HSRKijkTnb1IqFrwt0A==",
      "dev": true,
      "requires": {
        "@miniflare/core": "2.0.0-rc.3",
        "@miniflare/shared": "2.0.0-rc.3",
        "html-rewriter-wasm": "^0.3.2",
        "undici": "^4.11.1"
      }
    },
    "@miniflare/http-server": {
      "version": "2.0.0-rc.3",
      "resolved": "https://registry.npmjs.org/@miniflare/http-server/-/http-server-2.0.0-rc.3.tgz",
      "integrity": "sha512-QMHB2QgC+LzR8dUaWiBr2dnp7DUcLeLOjvEXsZpsLx4ixkASAFAVdetIWJFj2FKKKiB9D6Jb8yOm7KOu6+RltQ==",
      "dev": true,
      "requires": {
        "@miniflare/core": "2.0.0-rc.3",
        "@miniflare/shared": "2.0.0-rc.3",
        "@miniflare/web-sockets": "2.0.0-rc.3",
        "kleur": "^4.1.4",
        "selfsigned": "^1.10.11",
        "undici": "^4.11.1",
        "ws": "^8.2.2",
        "youch": "^2.2.2"
      }
    },
    "@miniflare/kv": {
      "version": "2.0.0-rc.3",
      "resolved": "https://registry.npmjs.org/@miniflare/kv/-/kv-2.0.0-rc.3.tgz",
      "integrity": "sha512-MUkmOFPtFtB3QDCRfKfpW+eMR0L3oDBAkmjOfrYb0yUs9Diqg4Ns6v+q2gZfnXyzyU/VCFZdwUrHO44NCS8mMg==",
      "dev": true,
      "requires": {
        "@miniflare/shared": "2.0.0-rc.3"
      }
    },
    "@miniflare/runner-vm": {
      "version": "2.0.0-rc.3",
      "resolved": "https://registry.npmjs.org/@miniflare/runner-vm/-/runner-vm-2.0.0-rc.3.tgz",
      "integrity": "sha512-o7G/a/3kAODAsMswBZDPdUL2j33kGcP79rIMpDpwKI42Vqx0lFFsNfc6V/8/lnfmHucVw772h5/jrESTfrhVuQ==",
      "dev": true,
      "requires": {
        "@miniflare/shared": "2.0.0-rc.3"
      }
    },
    "@miniflare/scheduler": {
      "version": "2.0.0-rc.3",
      "resolved": "https://registry.npmjs.org/@miniflare/scheduler/-/scheduler-2.0.0-rc.3.tgz",
      "integrity": "sha512-I1wpKK+uEh335/cUzSbsK9nIjOXxhcyzipNAF1VO2fa6ofW8Fq9EYo2qjWYEuHbLmfEtef6frPGOzSUm73cp8Q==",
      "dev": true,
      "requires": {
        "@miniflare/core": "2.0.0-rc.3",
        "@miniflare/shared": "2.0.0-rc.3",
        "cron-schedule": "^3.0.4"
      }
    },
    "@miniflare/shared": {
      "version": "2.0.0-rc.3",
      "resolved": "https://registry.npmjs.org/@miniflare/shared/-/shared-2.0.0-rc.3.tgz",
      "integrity": "sha512-pKpErhoGhWhhce+oDiOnoA/N85WZm5Tjc3i9qowmlw3V9SlhM7tw6FRUam5n6aKbO3/yIn4azD/Wc5v6Xh25pg==",
      "dev": true,
      "requires": {
        "ignore": "^5.1.8",
        "kleur": "^4.1.4"
      }
    },
    "@miniflare/sites": {
      "version": "2.0.0-rc.3",
      "resolved": "https://registry.npmjs.org/@miniflare/sites/-/sites-2.0.0-rc.3.tgz",
      "integrity": "sha512-n8T0NilCizz2CoWlOVs56zBuU6R14J8qPHK6lSPms7FUHrMSm1p2OSRcMfEnSvz7Y3Rj+6c5pQAaD9qZwtrviQ==",
      "dev": true,
      "requires": {
        "@miniflare/kv": "2.0.0-rc.3",
        "@miniflare/shared": "2.0.0-rc.3",
        "@miniflare/storage-file": "2.0.0-rc.3"
      }
    },
    "@miniflare/storage-file": {
      "version": "2.0.0-rc.3",
      "resolved": "https://registry.npmjs.org/@miniflare/storage-file/-/storage-file-2.0.0-rc.3.tgz",
      "integrity": "sha512-CHXyl3E/BrevVAamMCcxLKJPxelLvzfA6i/EI0b1waUPBKG8H/yIZGpK9CRKT9YHCn/WdZg5OtLdRTJ0n6ocRg==",
      "dev": true,
      "requires": {
        "@miniflare/shared": "2.0.0-rc.3",
        "@miniflare/storage-memory": "2.0.0-rc.3"
      }
    },
    "@miniflare/storage-memory": {
      "version": "2.0.0-rc.3",
      "resolved": "https://registry.npmjs.org/@miniflare/storage-memory/-/storage-memory-2.0.0-rc.3.tgz",
      "integrity": "sha512-TWroGaNRGqfnvx+efrWlDJpuDld+NIWj2Le77SYX7QHjzvFRhdyqsp3soZGFRZzx3aajZaWkHS6ZKDSFlaZs3A==",
      "dev": true,
      "requires": {
        "@miniflare/shared": "2.0.0-rc.3"
      }
    },
    "@miniflare/watcher": {
      "version": "2.0.0-rc.3",
      "resolved": "https://registry.npmjs.org/@miniflare/watcher/-/watcher-2.0.0-rc.3.tgz",
      "integrity": "sha512-i/UIOvKBTYfRCtlmSwurICg1elKbm4OyTrzgqAZJbwCtsvWZh4hPflQ6FnuL3IcebhHXkcDbdXSxZI2ReP8a2w==",
      "dev": true,
      "requires": {
        "@miniflare/shared": "2.0.0-rc.3"
      }
    },
    "@miniflare/web-sockets": {
      "version": "2.0.0-rc.3",
      "resolved": "https://registry.npmjs.org/@miniflare/web-sockets/-/web-sockets-2.0.0-rc.3.tgz",
      "integrity": "sha512-nqGFzKkyUMwPAss2od+tXgMKYSmJ/+I+Zm5pCIjwmukHIf4zxEAE3iMvEbOQ9Xgz9Kc3smhRiMzOwTf2+8VRSg==",
      "dev": true,
      "requires": {
        "@miniflare/core": "2.0.0-rc.3",
        "@miniflare/shared": "2.0.0-rc.3",
        "undici": "^4.11.1",
        "ws": "^8.2.2"
      }
    },
    "@types/stack-trace": {
      "version": "0.0.29",
      "resolved": "https://registry.npmjs.org/@types/stack-trace/-/stack-trace-0.0.29.tgz",
      "integrity": "sha512-TgfOX+mGY/NyNxJLIbDWrO9DjGoVSW9+aB8H2yy1fy32jsvxijhmyJI9fDFgvz3YP4lvJaq9DzdR/M1bOgVc9g==",
      "dev": true
    },
    "buffer-from": {
      "version": "1.1.2",
      "resolved": "https://registry.npmjs.org/buffer-from/-/buffer-from-1.1.2.tgz",
      "integrity": "sha512-E+XQCRwSbaaiChtv6k6Dwgc+bx+Bs6vuKJHHl5kox/BaKbhiXzqQOwK4cO22yElGp2OCmjwVhT3HmxgyPGnJfQ==",
      "dev": true
    },
    "busboy": {
      "version": "0.3.1",
      "resolved": "https://registry.npmjs.org/busboy/-/busboy-0.3.1.tgz",
      "integrity": "sha512-y7tTxhGKXcyBxRKAni+awqx8uqaJKrSFSNFSeRG5CsWNdmy2BIK+6VGWEW7TZnIO/533mtMEA4rOevQV815YJw==",
      "dev": true,
      "requires": {
        "dicer": "0.3.0"
      }
    },
    "cookie": {
      "version": "0.4.1",
      "resolved": "https://registry.npmjs.org/cookie/-/cookie-0.4.1.tgz",
      "integrity": "sha512-ZwrFkGJxUR3EIoXtO+yVE69Eb7KlixbaeAWfBQB9vVsNn/o+Yw69gBWSSDK825hQNdN+wF8zELf3dFNl/kxkUA==",
      "dev": true
    },
    "cron-schedule": {
      "version": "3.0.4",
      "resolved": "https://registry.npmjs.org/cron-schedule/-/cron-schedule-3.0.4.tgz",
      "integrity": "sha512-wEspID2dNPfWyh7t2ZvE4Izunzk20QacZg8oZcqfTrN1j5kImj0CEYT3ZGZo+KqGQUgRc9tKlEJmY4uFVt4ccA==",
      "dev": true
    },
    "dicer": {
      "version": "0.3.0",
      "resolved": "https://registry.npmjs.org/dicer/-/dicer-0.3.0.tgz",
      "integrity": "sha512-MdceRRWqltEG2dZqO769g27N/3PXfcKl04VhYnBlo2YhH7zPi88VebsjTKclaOyiuMaGU72hTfw3VkUitGcVCA==",
      "dev": true,
      "requires": {
        "streamsearch": "0.1.2"
      }
    },
    "dotenv": {
      "version": "10.0.0",
      "resolved": "https://registry.npmjs.org/dotenv/-/dotenv-10.0.0.tgz",
      "integrity": "sha512-rlBi9d8jpv9Sf1klPjNfFAuWDjKLwTIJJ/VxtoTwIR6hnZxcEOQCZg2oIL3MWBYw5GpUDKOEnND7LXTbIpQ03Q==",
      "dev": true
    },
    "esbuild": {
      "version": "0.14.5",
      "resolved": "https://registry.npmjs.org/esbuild/-/esbuild-0.14.5.tgz",
      "integrity": "sha512-ofwgH4ITPXhkMo2AM39oXpSe5KIyWjxicdqYVy+tLa1lMgxzPCKwaepcrSRtYbgTUMXwquxB1C3xQYpUNaPAFA==",
      "dev": true,
      "requires": {
        "esbuild-android-arm64": "0.14.5",
        "esbuild-darwin-64": "0.14.5",
        "esbuild-darwin-arm64": "0.14.5",
        "esbuild-freebsd-64": "0.14.5",
        "esbuild-freebsd-arm64": "0.14.5",
        "esbuild-linux-32": "0.14.5",
        "esbuild-linux-64": "0.14.5",
        "esbuild-linux-arm": "0.14.5",
        "esbuild-linux-arm64": "0.14.5",
        "esbuild-linux-mips64le": "0.14.5",
        "esbuild-linux-ppc64le": "0.14.5",
        "esbuild-netbsd-64": "0.14.5",
        "esbuild-openbsd-64": "0.14.5",
        "esbuild-sunos-64": "0.14.5",
        "esbuild-windows-32": "0.14.5",
        "esbuild-windows-64": "0.14.5",
        "esbuild-windows-arm64": "0.14.5"
      }
    },
    "esbuild-android-arm64": {
      "version": "0.14.5",
      "resolved": "https://registry.npmjs.org/esbuild-android-arm64/-/esbuild-android-arm64-0.14.5.tgz",
      "integrity": "sha512-Sl6ysm7OAZZz+X3Mv3tOPhjMuSxNmztgoXH4ZZ3Yhbje5emEY6qiTnv3vBSljDlUl/yGaIjqC44qlj8s8G71xA==",
      "dev": true,
      "optional": true
    },
    "esbuild-darwin-64": {
      "version": "0.14.5",
      "resolved": "https://registry.npmjs.org/esbuild-darwin-64/-/esbuild-darwin-64-0.14.5.tgz",
      "integrity": "sha512-VHZl23sM9BOZXcLxk1vTYls8TCAY+/3llw9vHKIWAHDHzBBOlVv26ORK8gnStNMqTjCSGSMoq4T5jOZf2WrJPQ==",
      "dev": true,
      "optional": true
    },
    "esbuild-darwin-arm64": {
      "version": "0.14.5",
      "resolved": "https://registry.npmjs.org/esbuild-darwin-arm64/-/esbuild-darwin-arm64-0.14.5.tgz",
      "integrity": "sha512-ugPOLgEQPoPLSqAFBajaczt+lcbUZR+V2fby3572h5jf/kFV6UL8LAZ1Ze58hcbKwfvbh4C09kp0PhqPgXKwOg==",
      "dev": true,
      "optional": true
    },
    "esbuild-freebsd-64": {
      "version": "0.14.5",
      "resolved": "https://registry.npmjs.org/esbuild-freebsd-64/-/esbuild-freebsd-64-0.14.5.tgz",
      "integrity": "sha512-uP0yOixSHF505o/Kzq9e4bvZblCZp9GGx+a7enLOVSuvIvLmtj2yhZLRPGfbVNkPJXktTKNRAnNGkXHl53M6sw==",
      "dev": true,
      "optional": true
    },
    "esbuild-freebsd-arm64": {
      "version": "0.14.5",
      "resolved": "https://registry.npmjs.org/esbuild-freebsd-arm64/-/esbuild-freebsd-arm64-0.14.5.tgz",
      "integrity": "sha512-M99NPu8hlirFo6Fgx0WfX6XxUFdGclUNv3MyyfDtTdNYbccMESwLSACGpE7HvJKWscdjaqajeMu2an9adGNfCw==",
      "dev": true,
      "optional": true
    },
    "esbuild-linux-32": {
      "version": "0.14.5",
      "resolved": "https://registry.npmjs.org/esbuild-linux-32/-/esbuild-linux-32-0.14.5.tgz",
      "integrity": "sha512-hfqln4yb/jf/vPvI/A6aCvpIzqF3PdDmrKiikTohEUuRtvEZz234krtNwEAw5ssCue4NX8BJqrMpCTAHOl3LQw==",
      "dev": true,
      "optional": true
    },
    "esbuild-linux-64": {
      "version": "0.14.5",
      "resolved": "https://registry.npmjs.org/esbuild-linux-64/-/esbuild-linux-64-0.14.5.tgz",
      "integrity": "sha512-T+OuYPlhytjj5DsvjUXizNjbV+/IrZiaDc9SNUfqiUOXHu0URFqchjhPVbBiBnWykCMJFB6pqNap2Oxth4iuYw==",
      "dev": true,
      "optional": true
    },
    "esbuild-linux-arm": {
      "version": "0.14.5",
      "resolved": "https://registry.npmjs.org/esbuild-linux-arm/-/esbuild-linux-arm-0.14.5.tgz",
      "integrity": "sha512-5b10jKJ3lU4BUchOw9TgRResu8UZJf8qVjAzV5muHedonCfBzClGTT4KCNuOcLTJomH3wz6gNVJt1AxMglXnJg==",
      "dev": true,
      "optional": true
    },
    "esbuild-linux-arm64": {
      "version": "0.14.5",
      "resolved": "https://registry.npmjs.org/esbuild-linux-arm64/-/esbuild-linux-arm64-0.14.5.tgz",
      "integrity": "sha512-ANOzoaH4kfbhEZT0EGY9g1tsZhDA+I0FRwBsj7D8pCU900pXF/l8YAOy5jWFQIb3vjG5+orFc5SqSzAKCisvTQ==",
      "dev": true,
      "optional": true
    },
    "esbuild-linux-mips64le": {
      "version": "0.14.5",
      "resolved": "https://registry.npmjs.org/esbuild-linux-mips64le/-/esbuild-linux-mips64le-0.14.5.tgz",
      "integrity": "sha512-sSmGfOUNNB2Nd3tzp1RHSxiJmM5/RUIEP5aAtH+PpOP7FPp15Jcfwq7UNBJ82KLN3SJcwhUeEfcCaUFBzbTKxg==",
      "dev": true,
      "optional": true
    },
    "esbuild-linux-ppc64le": {
      "version": "0.14.5",
      "resolved": "https://registry.npmjs.org/esbuild-linux-ppc64le/-/esbuild-linux-ppc64le-0.14.5.tgz",
      "integrity": "sha512-usfQrVVIQcpuc/U2NWc7/Ry+m622v+PjJ5eErNPdjWBPlcvD6kXaBTv94uQkVzZOHX3uYqprRrOjseed9ApSYA==",
      "dev": true,
      "optional": true
    },
    "esbuild-netbsd-64": {
      "version": "0.14.5",
      "resolved": "https://registry.npmjs.org/esbuild-netbsd-64/-/esbuild-netbsd-64-0.14.5.tgz",
      "integrity": "sha512-Q5KpvPZcPnNEaTjrvuWqvEnlhI2jyi1wWwYunlEUAhx60spQOTy10sdYOA+s1M+LPb6kwvasrZZDmYyQlcVZeA==",
      "dev": true,
      "optional": true
    },
    "esbuild-openbsd-64": {
      "version": "0.14.5",
      "resolved": "https://registry.npmjs.org/esbuild-openbsd-64/-/esbuild-openbsd-64-0.14.5.tgz",
      "integrity": "sha512-RZzRUu1RYKextJgXkHhAsuhLDvm73YP/wogpUG9MaAGvKTxnKAKRuaw2zJfnbz8iBqBQB2no2PmpVBNbqUTQrw==",
      "dev": true,
      "optional": true
    },
    "esbuild-sunos-64": {
      "version": "0.14.5",
      "resolved": "https://registry.npmjs.org/esbuild-sunos-64/-/esbuild-sunos-64-0.14.5.tgz",
      "integrity": "sha512-J2ffKsBBWscQlye+/giEgKsQCppwHHFqqt/sh+ojVF+DZy1ve6RpPGwXGcGF6IaZTAI9+Vk4eHleiQxb+PC9Yw==",
      "dev": true,
      "optional": true
    },
    "esbuild-windows-32": {
      "version": "0.14.5",
      "resolved": "https://registry.npmjs.org/esbuild-windows-32/-/esbuild-windows-32-0.14.5.tgz",
      "integrity": "sha512-OTZvuAc1JBnwmeT+hR1+Vmgz6LOD7DggpnwtKMAExruSLxUMl02Z3pyalJ7zKh3gJ/KBRM1JQZLSk4/mFWijeQ==",
      "dev": true,
      "optional": true
    },
    "esbuild-windows-64": {
      "version": "0.14.5",
      "resolved": "https://registry.npmjs.org/esbuild-windows-64/-/esbuild-windows-64-0.14.5.tgz",
      "integrity": "sha512-ZM9rlBDsPEeMVJ1wcpNMXUad9VzYOFeOBUXBi+16HZTvFPy2DkcC2ZWcrByP3IESToD5lvHdjSX/w8rxphjqig==",
      "dev": true,
      "optional": true
    },
    "esbuild-windows-arm64": {
      "version": "0.14.5",
      "resolved": "https://registry.npmjs.org/esbuild-windows-arm64/-/esbuild-windows-arm64-0.14.5.tgz",
      "integrity": "sha512-iK41mKG2LG0AKHE+9g/jDYU5ZQpJObt1uIPSGTiiiJKI5qbHdEck6Gaqq2tmBI933F2zB9yqZIX7IAdxwN/q4A==",
      "dev": true,
      "optional": true
    },
    "html-rewriter-wasm": {
      "version": "0.3.2",
      "resolved": "https://registry.npmjs.org/html-rewriter-wasm/-/html-rewriter-wasm-0.3.2.tgz",
      "integrity": "sha512-b+pOh+bs00uRVNIZoTgGBREjUKN47pchTNwkxKuP4ecQTFcOA6KJIW+jjvjjXrkSRURZsideLxFKqX7hnxdegQ==",
      "dev": true
    },
    "http-cache-semantics": {
      "version": "4.1.0",
      "resolved": "https://registry.npmjs.org/http-cache-semantics/-/http-cache-semantics-4.1.0.tgz",
      "integrity": "sha512-carPklcUh7ROWRK7Cv27RPtdhYhUsela/ue5/jKzjegVvXDqM2ILE9Q2BGn9JZJh1g87cp56su/FgQSzcWS8cQ==",
      "dev": true
    },
    "ignore": {
      "version": "5.1.9",
      "resolved": "https://registry.npmjs.org/ignore/-/ignore-5.1.9.tgz",
      "integrity": "sha512-2zeMQpbKz5dhZ9IwL0gbxSW5w0NK/MSAMtNuhgIHEPmaU3vPdKPL0UdvUCXs5SS4JAwsBxysK5sFMW8ocFiVjQ==",
      "dev": true
    },
    "kleur": {
      "version": "4.1.4",
      "resolved": "https://registry.npmjs.org/kleur/-/kleur-4.1.4.tgz",
      "integrity": "sha512-8QADVssbrFjivHWQU7KkMgptGTl6WAcSdlbBPY4uNF+mWr6DGcKrvY2w4FQJoXch7+fKMjj0dRrL75vk3k23OA==",
      "dev": true
    },
    "mime": {
      "version": "3.0.0",
      "resolved": "https://registry.npmjs.org/mime/-/mime-3.0.0.tgz",
      "integrity": "sha512-jSCU7/VB1loIWBZe14aEYHU/+1UMEHoaO7qxCOVJOw9GgH72VAWppxNcjU+x9a2k3GSIBXNKxXQFqRvvZ7vr3A=="
    },
    "miniflare": {
      "version": "2.0.0-rc.3",
      "resolved": "https://registry.npmjs.org/miniflare/-/miniflare-2.0.0-rc.3.tgz",
      "integrity": "sha512-XpcbNLs5zfosfIJWrtk0L4WYmyJCRZgi2r6pRR9zhBFTRNChHNP0grmcMH0FK9ROH6c/9Pj2MjqqZ9wqHQbaGA==",
      "dev": true,
      "requires": {
        "@miniflare/cache": "2.0.0-rc.3",
        "@miniflare/cli-parser": "2.0.0-rc.3",
        "@miniflare/core": "2.0.0-rc.3",
        "@miniflare/durable-objects": "2.0.0-rc.3",
        "@miniflare/html-rewriter": "2.0.0-rc.3",
        "@miniflare/http-server": "2.0.0-rc.3",
        "@miniflare/kv": "2.0.0-rc.3",
        "@miniflare/runner-vm": "2.0.0-rc.3",
        "@miniflare/scheduler": "2.0.0-rc.3",
        "@miniflare/shared": "2.0.0-rc.3",
        "@miniflare/sites": "2.0.0-rc.3",
        "@miniflare/storage-file": "2.0.0-rc.3",
        "@miniflare/storage-memory": "2.0.0-rc.3",
        "@miniflare/watcher": "2.0.0-rc.3",
        "@miniflare/web-sockets": "2.0.0-rc.3",
        "kleur": "^4.1.4",
        "semiver": "^1.1.0",
        "source-map-support": "^0.5.20",
        "undici": "^4.11.1"
      }
    },
    "mustache": {
      "version": "4.2.0",
      "resolved": "https://registry.npmjs.org/mustache/-/mustache-4.2.0.tgz",
      "integrity": "sha512-71ippSywq5Yb7/tVYyGbkBggbU8H3u5Rz56fH60jGFgr8uHwxs+aSKeqmluIVzM0m0kB7xQjKS6qPfd0b2ZoqQ==",
      "dev": true
    },
    "node-forge": {
      "version": "0.10.0",
      "resolved": "https://registry.npmjs.org/node-forge/-/node-forge-0.10.0.tgz",
      "integrity": "sha512-PPmu8eEeG9saEUvI97fm4OYxXVB6bFvyNTyiUOBichBpFG8A1Ljw3bY62+5oOjDEMHRnd0Y7HQ+x7uzxOzC6JA==",
      "dev": true
    },
    "selfsigned": {
      "version": "1.10.11",
      "resolved": "https://registry.npmjs.org/selfsigned/-/selfsigned-1.10.11.tgz",
      "integrity": "sha512-aVmbPOfViZqOZPgRBT0+3u4yZFHpmnIghLMlAcb5/xhp5ZtB/RVnKhz5vl2M32CLXAqR4kha9zfhNg0Lf/sxKA==",
      "dev": true,
      "requires": {
        "node-forge": "^0.10.0"
      }
    },
    "semiver": {
      "version": "1.1.0",
      "resolved": "https://registry.npmjs.org/semiver/-/semiver-1.1.0.tgz",
      "integrity": "sha512-QNI2ChmuioGC1/xjyYwyZYADILWyW6AmS1UH6gDj/SFUUUS4MBAWs/7mxnkRPc/F4iHezDP+O8t0dO8WHiEOdg==",
      "dev": true
    },
    "set-cookie-parser": {
      "version": "2.4.8",
      "resolved": "https://registry.npmjs.org/set-cookie-parser/-/set-cookie-parser-2.4.8.tgz",
      "integrity": "sha512-edRH8mBKEWNVIVMKejNnuJxleqYE/ZSdcT8/Nem9/mmosx12pctd80s2Oy00KNZzrogMZS5mauK2/ymL1bvlvg==",
      "dev": true
    },
    "source-map": {
      "version": "0.6.1",
      "resolved": "https://registry.npmjs.org/source-map/-/source-map-0.6.1.tgz",
      "integrity": "sha512-UjgapumWlbMhkBgzT7Ykc5YXUT46F0iKu8SGXq0bcwP5dz/h0Plj6enJqjz1Zbq2l5WaqYnrVbwWOWMyF3F47g==",
      "dev": true
    },
    "source-map-support": {
      "version": "0.5.21",
      "resolved": "https://registry.npmjs.org/source-map-support/-/source-map-support-0.5.21.tgz",
      "integrity": "sha512-uBHU3L3czsIyYXKX88fdrGovxdSCoTGDRZ6SYXtSRxLZUzHg5P/66Ht6uoUlHu9EZod+inXhKo3qQgwXUT/y1w==",
      "dev": true,
      "requires": {
        "buffer-from": "^1.0.0",
        "source-map": "^0.6.0"
      }
    },
    "stack-trace": {
      "version": "0.0.10",
      "resolved": "https://registry.npmjs.org/stack-trace/-/stack-trace-0.0.10.tgz",
      "integrity": "sha1-VHxws0fo0ytOEI6hoqFZ5f3eGcA=",
      "dev": true
    },
    "streamsearch": {
      "version": "0.1.2",
      "resolved": "https://registry.npmjs.org/streamsearch/-/streamsearch-0.1.2.tgz",
      "integrity": "sha1-gIudDlb8Jz2Am6VzOOkpkZoanxo=",
      "dev": true
    },
    "undici": {
      "version": "4.12.0",
      "resolved": "https://registry.npmjs.org/undici/-/undici-4.12.0.tgz",
      "integrity": "sha512-sJ4CyO3ZPaoxWpLQTJpH/gWD+tCIra2OJ9UPvrX1siyJkgh8NOAybRejJ/g2xHyOdAuoSE0lPRJwRl8AZSXYJQ==",
      "dev": true
    },
    "ws": {
      "version": "8.3.0",
      "resolved": "https://registry.npmjs.org/ws/-/ws-8.3.0.tgz",
      "integrity": "sha512-Gs5EZtpqZzLvmIM59w4igITU57lrtYVFneaa434VROv4thzJyV6UjIL3D42lslWlI+D4KzLYnxSwtfuiO79sNw==",
      "dev": true,
      "requires": {}
    },
    "youch": {
      "version": "2.2.2",
      "resolved": "https://registry.npmjs.org/youch/-/youch-2.2.2.tgz",
      "integrity": "sha512-/FaCeG3GkuJwaMR34GHVg0l8jCbafZLHiFowSjqLlqhC6OMyf2tPJBu8UirF7/NI9X/R5ai4QfEKUCOxMAGxZQ==",
      "dev": true,
      "requires": {
        "@types/stack-trace": "0.0.29",
        "cookie": "^0.4.1",
        "mustache": "^4.2.0",
        "stack-trace": "0.0.10"
      }
    }
  }
}
